
Microsoft Visual Studio Solution File, Format Version 12.00
# Visual Studio Version 17
VisualStudioVersion = 17.6.33815.320
MinimumVisualStudioVersion = 10.0.40219.1
Project("{FAE04EC0-301F-11D3-BF4B-00C04F79EFBC}") = "MonoGameFinal - Fallout Shootout", "MonoGameFinal - Fallout Shootout.csproj", "{7B86460C-E50E-44A1-BE14-D805F82071F7}"
EndProject
Global
	GlobalSection(SolutionConfigurationPlatforms) = preSolution
		Debug|Any CPU = Debug|Any CPU
		Release|Any CPU = Release|Any CPU
	EndGlobalSection
	GlobalSection(ProjectConfigurationPlatforms) = postSolution
		{7B86460C-E50E-44A1-BE14-D805F82071F7}.Debug|Any CPU.ActiveCfg = Debug|Any CPU
		{7B86460C-E50E-44A1-BE14-D805F82071F7}.Debug|Any CPU.Build.0 = Debug|Any CPU
		{7B86460C-E50E-44A1-BE14-D805F82071F7}.Release|Any CPU.ActiveCfg = Release|Any CPU
		{7B86460C-E50E-44A1-BE14-D805F82071F7}.Release|Any CPU.Build.0 = Release|Any CPU
	EndGlobalSection
	GlobalSection(SolutionProperties) = preSolution
		HideSolutionNode = FALSE
	EndGlobalSection
	GlobalSection(ExtensibilityGlobals) = postSolution
		SolutionGuid = {CEC39126-445F-4C11-99CC-4B2706017530}
	EndGlobalSection
EndGlobal
